
Microsoft Visual Studio Solution File, Format Version 12.00
# Visual Studio Version 16
VisualStudioVersion = 16.0.30621.155
MinimumVisualStudioVersion = 10.0.40219.1
Project("{8BC9CEB8-8B4A-11D0-8D11-00A0C91BC942}") = "StupidGit", "StupidGit\StupidGit.vcxproj", "{B121DE45-0021-4989-93E0-A53801923DDD}"
EndProject
Global
	GlobalSection(SolutionConfigurationPlatforms) = preSolution
		Debug|x64 = Debug|x64
		Debug|x86 = Debug|x86
		Release|x64 = Release|x64
		Release|x86 = Release|x86
	EndGlobalSection
	GlobalSection(ProjectConfigurationPlatforms) = postSolution
		{B121DE45-0021-4989-93E0-A53801923DDD}.Debug|x64.ActiveCfg = Debug|x64
		{B121DE45-0021-4989-93E0-A53801923DDD}.Debug|x64.Build.0 = Debug|x64
		{B121DE45-0021-4989-93E0-A53801923DDD}.Debug|x86.ActiveCfg = Debug|Win32
		{B121DE45-0021-4989-93E0-A53801923DDD}.Debug|x86.Build.0 = Debug|Win32
		{B121DE45-0021-4989-93E0-A53801923DDD}.Release|x64.ActiveCfg = Release|x64
		{B121DE45-0021-4989-93E0-A53801923DDD}.Release|x64.Build.0 = Release|x64
		{B121DE45-0021-4989-93E0-A53801923DDD}.Release|x86.ActiveCfg = Release|Win32
		{B121DE45-0021-4989-93E0-A53801923DDD}.Release|x86.Build.0 = Release|Win32
	EndGlobalSection
	GlobalSection(SolutionProperties) = preSolution
		HideSolutionNode = FALSE
	EndGlobalSection
	GlobalSection(ExtensibilityGlobals) = postSolution
		SolutionGuid = {FA153E34-A27F-45B9-A1E4-D1A6DB7E48C2}
	EndGlobalSection
EndGlobal
